# This file is automatically @generated by Cargo.
# It is not intended for manual editing.
version = 4

[[package]]
name = "zornmesh-broker"
version = "0.1.0"
dependencies = [
 "zornmesh-core",
 "zornmesh-store",
]

[[package]]
name = "zornmesh-cli"
version = "0.1.0"
dependencies = [
 "zornmesh-sdk",
]

[[package]]
name = "zornmesh-core"
version = "0.1.0"

[[package]]
name = "zornmesh-daemon"
version = "0.1.0"
dependencies = [
 "zornmesh-broker",
 "zornmesh-rpc",
 "zornmesh-store",
]

[[package]]
name = "zornmesh-proto"
version = "0.1.0"
dependencies = [
 "zornmesh-core",
]

[[package]]
name = "zornmesh-rpc"
version = "0.1.0"
dependencies = [
 "zornmesh-proto",
]

[[package]]
name = "zornmesh-sdk"
version = "0.1.0"
dependencies = [
 "zornmesh-core",
 "zornmesh-proto",
 "zornmesh-rpc",
]

[[package]]
name = "zornmesh-store"
version = "0.1.0"
dependencies = [
 "zornmesh-core",
]

[[package]]
name = "zornmesh-xtask"
version = "0.1.0"
